
Microsoft Visual Studio Solution File, Format Version 12.00
# Visual Studio Version 17
VisualStudioVersion = 17.12.35527.113
MinimumVisualStudioVersion = 10.0.40219.1
Project("{FAE04EC0-301F-11D3-BF4B-00C04F79EFBC}") = "Template_new", "Template_new\Template_new.csproj", "{CE51CE23-78F2-4CE5-9118-ECEC931B38A8}"
EndProject
Project("{FAE04EC0-301F-11D3-BF4B-00C04F79EFBC}") = "Entity", "LoginEntity\Entity.csproj", "{6E56A85A-0C9F-41A5-A36C-929A4DD1E92F}"
EndProject
Project("{FAE04EC0-301F-11D3-BF4B-00C04F79EFBC}") = "DAC", "LoginDAC\DAC.csproj", "{C0E7AB55-CD78-445C-AC52-FF99B30DEBC5}"
EndProject
Project("{FAE04EC0-301F-11D3-BF4B-00C04F79EFBC}") = "BC", "BC\BC.csproj", "{CC556C13-4567-4FCE-A5C9-C25C1D6BDE45}"
EndProject
Global
	GlobalSection(SolutionConfigurationPlatforms) = preSolution
		Debug|Any CPU = Debug|Any CPU
		Release|Any CPU = Release|Any CPU
	EndGlobalSection
	GlobalSection(ProjectConfigurationPlatforms) = postSolution
		{CE51CE23-78F2-4CE5-9118-ECEC931B38A8}.Debug|Any CPU.ActiveCfg = Debug|Any CPU
		{CE51CE23-78F2-4CE5-9118-ECEC931B38A8}.Debug|Any CPU.Build.0 = Debug|Any CPU
		{CE51CE23-78F2-4CE5-9118-ECEC931B38A8}.Release|Any CPU.ActiveCfg = Release|Any CPU
		{CE51CE23-78F2-4CE5-9118-ECEC931B38A8}.Release|Any CPU.Build.0 = Release|Any CPU
		{6E56A85A-0C9F-41A5-A36C-929A4DD1E92F}.Debug|Any CPU.ActiveCfg = Debug|Any CPU
		{6E56A85A-0C9F-41A5-A36C-929A4DD1E92F}.Debug|Any CPU.Build.0 = Debug|Any CPU
		{6E56A85A-0C9F-41A5-A36C-929A4DD1E92F}.Release|Any CPU.ActiveCfg = Release|Any CPU
		{6E56A85A-0C9F-41A5-A36C-929A4DD1E92F}.Release|Any CPU.Build.0 = Release|Any CPU
		{C0E7AB55-CD78-445C-AC52-FF99B30DEBC5}.Debug|Any CPU.ActiveCfg = Debug|Any CPU
		{C0E7AB55-CD78-445C-AC52-FF99B30DEBC5}.Debug|Any CPU.Build.0 = Debug|Any CPU
		{C0E7AB55-CD78-445C-AC52-FF99B30DEBC5}.Release|Any CPU.ActiveCfg = Release|Any CPU
		{C0E7AB55-CD78-445C-AC52-FF99B30DEBC5}.Release|Any CPU.Build.0 = Release|Any CPU
		{CC556C13-4567-4FCE-A5C9-C25C1D6BDE45}.Debug|Any CPU.ActiveCfg = Debug|Any CPU
		{CC556C13-4567-4FCE-A5C9-C25C1D6BDE45}.Debug|Any CPU.Build.0 = Debug|Any CPU
		{CC556C13-4567-4FCE-A5C9-C25C1D6BDE45}.Release|Any CPU.ActiveCfg = Release|Any CPU
		{CC556C13-4567-4FCE-A5C9-C25C1D6BDE45}.Release|Any CPU.Build.0 = Release|Any CPU
	EndGlobalSection
	GlobalSection(SolutionProperties) = preSolution
		HideSolutionNode = FALSE
	EndGlobalSection
EndGlobal
